
Microsoft Visual Studio Solution File, Format Version 12.00
# Visual Studio Version 17
VisualStudioVersion = 17.11.35431.28
MinimumVisualStudioVersion = 10.0.40219.1
Project("{FAE04EC0-301F-11D3-BF4B-00C04F79EFBC}") = "web-api", "web-api\web-api.csproj", "{2B1193E0-0558-4D0C-A1FA-FAD5A62600BA}"
	ProjectSection(ProjectDependencies) = postProject
		{E234BD92-2C28-4AD9-8D3E-FE7C5EA57273} = {E234BD92-2C28-4AD9-8D3E-FE7C5EA57273}
	EndProjectSection
EndProject
Project("{FAE04EC0-301F-11D3-BF4B-00C04F79EFBC}") = "Api.Core", "Api.core\Api.Core.csproj", "{E234BD92-2C28-4AD9-8D3E-FE7C5EA57273}"
	ProjectSection(ProjectDependencies) = postProject
		{13EE599A-46D8-454D-AEB0-134D5A40F60F} = {13EE599A-46D8-454D-AEB0-134D5A40F60F}
		{21E67CED-D11A-4229-A462-B59F63EA4C8F} = {21E67CED-D11A-4229-A462-B59F63EA4C8F}
	EndProjectSection
EndProject
Project("{FAE04EC0-301F-11D3-BF4B-00C04F79EFBC}") = "Api.Service", "Api.Service\Api.Service.csproj", "{6A34B304-AE91-44EC-8330-A3A9B5B7EFDC}"
	ProjectSection(ProjectDependencies) = postProject
		{13EE599A-46D8-454D-AEB0-134D5A40F60F} = {13EE599A-46D8-454D-AEB0-134D5A40F60F}
		{21E67CED-D11A-4229-A462-B59F63EA4C8F} = {21E67CED-D11A-4229-A462-B59F63EA4C8F}
	EndProjectSection
EndProject
Project("{FAE04EC0-301F-11D3-BF4B-00C04F79EFBC}") = "Api.Data", "Api.Data\Api.Data.csproj", "{13EE599A-46D8-454D-AEB0-134D5A40F60F}"
EndProject
Project("{FAE04EC0-301F-11D3-BF4B-00C04F79EFBC}") = "Api.Infrastructure", "Api.infrastructure\Api.Infrastructure.csproj", "{21E67CED-D11A-4229-A462-B59F63EA4C8F}"
	ProjectSection(ProjectDependencies) = postProject
		{13EE599A-46D8-454D-AEB0-134D5A40F60F} = {13EE599A-46D8-454D-AEB0-134D5A40F60F}
	EndProjectSection
EndProject
Global
	GlobalSection(SolutionConfigurationPlatforms) = preSolution
		Debug|Any CPU = Debug|Any CPU
		Release|Any CPU = Release|Any CPU
	EndGlobalSection
	GlobalSection(ProjectConfigurationPlatforms) = postSolution
		{2B1193E0-0558-4D0C-A1FA-FAD5A62600BA}.Debug|Any CPU.ActiveCfg = Debug|Any CPU
		{2B1193E0-0558-4D0C-A1FA-FAD5A62600BA}.Debug|Any CPU.Build.0 = Debug|Any CPU
		{2B1193E0-0558-4D0C-A1FA-FAD5A62600BA}.Release|Any CPU.ActiveCfg = Release|Any CPU
		{2B1193E0-0558-4D0C-A1FA-FAD5A62600BA}.Release|Any CPU.Build.0 = Release|Any CPU
		{E234BD92-2C28-4AD9-8D3E-FE7C5EA57273}.Debug|Any CPU.ActiveCfg = Debug|Any CPU
		{E234BD92-2C28-4AD9-8D3E-FE7C5EA57273}.Debug|Any CPU.Build.0 = Debug|Any CPU
		{E234BD92-2C28-4AD9-8D3E-FE7C5EA57273}.Release|Any CPU.ActiveCfg = Release|Any CPU
		{E234BD92-2C28-4AD9-8D3E-FE7C5EA57273}.Release|Any CPU.Build.0 = Release|Any CPU
		{6A34B304-AE91-44EC-8330-A3A9B5B7EFDC}.Debug|Any CPU.ActiveCfg = Debug|Any CPU
		{6A34B304-AE91-44EC-8330-A3A9B5B7EFDC}.Debug|Any CPU.Build.0 = Debug|Any CPU
		{6A34B304-AE91-44EC-8330-A3A9B5B7EFDC}.Release|Any CPU.ActiveCfg = Release|Any CPU
		{6A34B304-AE91-44EC-8330-A3A9B5B7EFDC}.Release|Any CPU.Build.0 = Release|Any CPU
		{13EE599A-46D8-454D-AEB0-134D5A40F60F}.Debug|Any CPU.ActiveCfg = Debug|Any CPU
		{13EE599A-46D8-454D-AEB0-134D5A40F60F}.Debug|Any CPU.Build.0 = Debug|Any CPU
		{13EE599A-46D8-454D-AEB0-134D5A40F60F}.Release|Any CPU.ActiveCfg = Release|Any CPU
		{13EE599A-46D8-454D-AEB0-134D5A40F60F}.Release|Any CPU.Build.0 = Release|Any CPU
		{21E67CED-D11A-4229-A462-B59F63EA4C8F}.Debug|Any CPU.ActiveCfg = Debug|Any CPU
		{21E67CED-D11A-4229-A462-B59F63EA4C8F}.Debug|Any CPU.Build.0 = Debug|Any CPU
		{21E67CED-D11A-4229-A462-B59F63EA4C8F}.Release|Any CPU.ActiveCfg = Release|Any CPU
		{21E67CED-D11A-4229-A462-B59F63EA4C8F}.Release|Any CPU.Build.0 = Release|Any CPU
	EndGlobalSection
	GlobalSection(SolutionProperties) = preSolution
		HideSolutionNode = FALSE
	EndGlobalSection
	GlobalSection(ExtensibilityGlobals) = postSolution
		SolutionGuid = {F33329B3-58A0-4391-9768-A907CA721E33}
	EndGlobalSection
EndGlobal
